// !$*UTF8*$!
{
	archiveVersion = 1;
	classes = {
	};
	objectVersion = 50;
	objects = {

/* Begin PBXBuildFile section */
		CA1C027D2733F18600A58A42 /* UIViewControllarExt.swift in Sources */ = {isa = PBXBuildFile; fileRef = CA1C027C2733F18500A58A42 /* UIViewControllarExt.swift */; };
		CAAE799E2737E2E500CA8DCE /* Localizable.strings in Resources */ = {isa = PBXBuildFile; fileRef = CAAE79A02737E2E500CA8DCE /* Localizable.strings */; };
		CABDB8002737F8A0009B248B /* texstExestinshion.swift in Sources */ = {isa = PBXBuildFile; fileRef = CABDB7FF2737F8A0009B248B /* texstExestinshion.swift */; };
		CAC36503272686BF0030E39F /* AppDelegate.swift in Sources */ = {isa = PBXBuildFile; fileRef = CAC36502272686BF0030E39F /* AppDelegate.swift */; };
		CAC36505272686BF0030E39F /* SceneDelegate.swift in Sources */ = {isa = PBXBuildFile; fileRef = CAC36504272686BF0030E39F /* SceneDelegate.swift */; };
		CAC36507272686BF0030E39F /* ConversionViewController.swift in Sources */ = {isa = PBXBuildFile; fileRef = CAC36506272686BF0030E39F /* ConversionViewController.swift */; };
		CAC3650A272686C00030E39F /* Main.storyboard in Resources */ = {isa = PBXBuildFile; fileRef = CAC36508272686C00030E39F /* Main.storyboard */; };
		CAC3650F272686C10030E39F /* LaunchScreen.storyboard in Resources */ = {isa = PBXBuildFile; fileRef = CAC3650D272686C10030E39F /* LaunchScreen.storyboard */; };
		CAD6E9452733C4F500460608 /* Assets.xcassets in Resources */ = {isa = PBXBuildFile; fileRef = CAC3650B272686C10030E39F /* Assets.xcassets */; };
		CAF4DF36273265A200D1578A /* MapViewController.swift in Sources */ = {isa = PBXBuildFile; fileRef = CAF4DF35273265A200D1578A /* MapViewController.swift */; };
/* End PBXBuildFile section */

/* Begin PBXFileReference section */
		CA1C027C2733F18500A58A42 /* UIViewControllarExt.swift */ = {isa = PBXFileReference; fileEncoding = 4; lastKnownFileType = sourcecode.swift; path = UIViewControllarExt.swift; sourceTree = "<group>"; };
		CA1C029F2737B84700A58A42 /* es */ = {isa = PBXFileReference; lastKnownFileType = text.plist.strings; name = es; path = es.lproj/LaunchScreen.strings; sourceTree = "<group>"; };
		CA2A7F212737C33800D798F4 /* en */ = {isa = PBXFileReference; lastKnownFileType = text.plist.strings; name = en; path = en.lproj/Main.strings; sourceTree = "<group>"; };
		CA2A7F232737C36700D798F4 /* es */ = {isa = PBXFileReference; lastKnownFileType = text.plist.strings; name = es; path = es.lproj/Main.strings; sourceTree = "<group>"; };
		CAAE799F2737E2E500CA8DCE /* es */ = {isa = PBXFileReference; lastKnownFileType = text.plist.strings; name = es; path = es.lproj/Localizable.strings; sourceTree = "<group>"; };
		CABDB7FF2737F8A0009B248B /* texstExestinshion.swift */ = {isa = PBXFileReference; lastKnownFileType = sourcecode.swift; path = texstExestinshion.swift; sourceTree = "<group>"; };
		CABDB80327387ADF009B248B /* ar */ = {isa = PBXFileReference; lastKnownFileType = text.plist.strings; name = ar; path = ar.lproj/Main.strings; sourceTree = "<group>"; };
		CABDB80427387ADF009B248B /* ar */ = {isa = PBXFileReference; lastKnownFileType = text.plist.strings; name = ar; path = ar.lproj/LaunchScreen.strings; sourceTree = "<group>"; };
		CABDB80527387ADF009B248B /* ar */ = {isa = PBXFileReference; lastKnownFileType = text.plist.strings; name = ar; path = ar.lproj/Localizable.strings; sourceTree = "<group>"; };
		CABDB8062738859A009B248B /* en */ = {isa = PBXFileReference; lastKnownFileType = text.plist.strings; name = en; path = en.lproj/Localizable.strings; sourceTree = "<group>"; };
		CAC364FF272686BF0030E39F /* WorldTrotteriter1.app */ = {isa = PBXFileReference; explicitFileType = wrapper.application; includeInIndex = 0; path = WorldTrotteriter1.app; sourceTree = BUILT_PRODUCTS_DIR; };
		CAC36502272686BF0030E39F /* AppDelegate.swift */ = {isa = PBXFileReference; lastKnownFileType = sourcecode.swift; path = AppDelegate.swift; sourceTree = "<group>"; };
		CAC36504272686BF0030E39F /* SceneDelegate.swift */ = {isa = PBXFileReference; lastKnownFileType = sourcecode.swift; path = SceneDelegate.swift; sourceTree = "<group>"; };
		CAC36506272686BF0030E39F /* ConversionViewController.swift */ = {isa = PBXFileReference; lastKnownFileType = sourcecode.swift; path = ConversionViewController.swift; sourceTree = "<group>"; };
		CAC36509272686C00030E39F /* Base */ = {isa = PBXFileReference; lastKnownFileType = file.storyboard; name = Base; path = Base.lproj/Main.storyboard; sourceTree = "<group>"; };
		CAC3650B272686C10030E39F /* Assets.xcassets */ = {isa = PBXFileReference; lastKnownFileType = folder.assetcatalog; path = Assets.xcassets; sourceTree = "<group>"; };
		CAC3650E272686C10030E39F /* Base */ = {isa = PBXFileReference; lastKnownFileType = file.storyboard; name = Base; path = Base.lproj/LaunchScreen.storyboard; sourceTree = "<group>"; };
		CAC36510272686C10030E39F /* Info.plist */ = {isa = PBXFileReference; lastKnownFileType = text.plist.xml; path = Info.plist; sourceTree = "<group>"; };
		CAF4DF35273265A200D1578A /* MapViewController.swift */ = {isa = PBXFileReference; lastKnownFileType = sourcecode.swift; path = MapViewController.swift; sourceTree = "<group>"; };
/* End PBXFileReference section */

/* Begin PBXFrameworksBuildPhase section */
		CAC364FC272686BF0030E39F /* Frameworks */ = {
			isa = PBXFrameworksBuildPhase;
			buildActionMask = 2147483647;
			files = (
			);
			runOnlyForDeploymentPostprocessing = 0;
		};
/* End PBXFrameworksBuildPhase section */

/* Begin PBXGroup section */
		CA1C027B2733F18500A58A42 /* Extensions */ = {
			isa = PBXGroup;
			children = (
				CA1C027C2733F18500A58A42 /* UIViewControllarExt.swift */,
			);
			path = Extensions;
			sourceTree = "<group>";
		};
		CABDB7FE2737F7EF009B248B /* Exetinshion */ = {
			isa = PBXGroup;
			children = (
				CABDB7FF2737F8A0009B248B /* texstExestinshion.swift */,
			);
			path = Exetinshion;
			sourceTree = "<group>";
		};
		CAC364F6272686BF0030E39F = {
			isa = PBXGroup;
			children = (
				CABDB7FE2737F7EF009B248B /* Exetinshion */,
				CAC36501272686BF0030E39F /* WorldTrotteriter1 */,
				CAC36500272686BF0030E39F /* Products */,
			);
			sourceTree = "<group>";
		};
		CAC36500272686BF0030E39F /* Products */ = {
			isa = PBXGroup;
			children = (
				CAC364FF272686BF0030E39F /* WorldTrotteriter1.app */,
			);
			name = Products;
			sourceTree = "<group>";
		};
		CAC36501272686BF0030E39F /* WorldTrotteriter1 */ = {
			isa = PBXGroup;
			children = (
				CA1C027B2733F18500A58A42 /* Extensions */,
				CAC36502272686BF0030E39F /* AppDelegate.swift */,
				CAC36504272686BF0030E39F /* SceneDelegate.swift */,
				CAC36506272686BF0030E39F /* ConversionViewController.swift */,
				CAC36508272686C00030E39F /* Main.storyboard */,
				CAF4DF35273265A200D1578A /* MapViewController.swift */,
				CAC3650B272686C10030E39F /* Assets.xcassets */,
				CAAE79A02737E2E500CA8DCE /* Localizable.strings */,
				CAC3650D272686C10030E39F /* LaunchScreen.storyboard */,
				CAC36510272686C10030E39F /* Info.plist */,
			);
			path = WorldTrotteriter1;
			sourceTree = "<group>";
		};
/* End PBXGroup section */

/* Begin PBXNativeTarget section */
		CAC364FE272686BF0030E39F /* WorldTrotteriter1 */ = {
			isa = PBXNativeTarget;
			buildConfigurationList = CAC36513272686C10030E39F /* Build configuration list for PBXNativeTarget "WorldTrotteriter1" */;
			buildPhases = (
				CAC364FB272686BF0030E39F /* Sources */,
				CAC364FC272686BF0030E39F /* Frameworks */,
				CAC364FD272686BF0030E39F /* Resources */,
			);
			buildRules = (
			);
			dependencies = (
			);
			name = WorldTrotteriter1;
			productName = WorldTrotteriter1;
			productReference = CAC364FF272686BF0030E39F /* WorldTrotteriter1.app */;
			productType = "com.apple.product-type.application";
		};
/* End PBXNativeTarget section */

/* Begin PBXProject section */
		CAC364F7272686BF0030E39F /* Project object */ = {
			isa = PBXProject;
			attributes = {
				LastSwiftUpdateCheck = 1250;
				LastUpgradeCheck = 1250;
				TargetAttributes = {
					CAC364FE272686BF0030E39F = {
						CreatedOnToolsVersion = 12.5;
					};
				};
			};
			buildConfigurationList = CAC364FA272686BF0030E39F /* Build configuration list for PBXProject "WorldTrotteriter1" */;
			compatibilityVersion = "Xcode 9.3";
			developmentRegion = en;
			hasScannedForEncodings = 0;
			knownRegions = (
				en,
				Base,
				es,
				ar,
			);
			mainGroup = CAC364F6272686BF0030E39F;
			productRefGroup = CAC36500272686BF0030E39F /* Products */;
			projectDirPath = "";
			projectRoot = "";
			targets = (
				CAC364FE272686BF0030E39F /* WorldTrotteriter1 */,
			);
		};
/* End PBXProject section */

/* Begin PBXResourcesBuildPhase section */
		CAC364FD272686BF0030E39F /* Resources */ = {
			isa = PBXResourcesBuildPhase;
			buildActionMask = 2147483647;
			files = (
				CAC3650F272686C10030E39F /* LaunchScreen.storyboard in Resources */,
				CAAE799E2737E2E500CA8DCE /* Localizable.strings in Resources */,
				CAD6E9452733C4F500460608 /* Assets.xcassets in Resources */,
				CAC3650A272686C00030E39F /* Main.storyboard in Resources */,
			);
			runOnlyForDeploymentPostprocessing = 0;
		};
/* End PBXResourcesBuildPhase section */

/* Begin PBXSourcesBuildPhase section */
		CAC364FB272686BF0030E39F /* Sources */ = {
			isa = PBXSourcesBuildPhase;
			buildActionMask = 2147483647;
			files = (
				CA1C027D2733F18600A58A42 /* UIViewControllarExt.swift in Sources */,
				CABDB8002737F8A0009B248B /* texstExestinshion.swift in Sources */,
				CAC36507272686BF0030E39F /* ConversionViewController.swift in Sources */,
				CAC36503272686BF0030E39F /* AppDelegate.swift in Sources */,
				CAC36505272686BF0030E39F /* SceneDelegate.swift in Sources */,
				CAF4DF36273265A200D1578A /* MapViewController.swift in Sources */,
			);
			runOnlyForDeploymentPostprocessing = 0;
		};
/* End PBXSourcesBuildPhase section */

/* Begin PBXVariantGroup section */
		CAAE79A02737E2E500CA8DCE /* Localizable.strings */ = {
			isa = PBXVariantGroup;
			children = (
				CAAE799F2737E2E500CA8DCE /* es */,
				CABDB80527387ADF009B248B /* ar */,
				CABDB8062738859A009B248B /* en */,
			);
			name = Localizable.strings;
			sourceTree = "<group>";
		};
		CAC36508272686C00030E39F /* Main.storyboard */ = {
			isa = PBXVariantGroup;
			children = (
				CAC36509272686C00030E39F /* Base */,
				CA2A7F212737C33800D798F4 /* en */,
				CA2A7F232737C36700D798F4 /* es */,
				CABDB80327387ADF009B248B /* ar */,
			);
			name = Main.storyboard;
			sourceTree = "<group>";
		};
		CAC3650D272686C10030E39F /* LaunchScreen.storyboard */ = {
			isa = PBXVariantGroup;
			children = (
				CAC3650E272686C10030E39F /* Base */,
				CA1C029F2737B84700A58A42 /* es */,
				CABDB80427387ADF009B248B /* ar */,
			);
			name = LaunchScreen.storyboard;
			sourceTree = "<group>";
		};
/* End PBXVariantGroup section */

/* Begin XCBuildConfiguration section */
		CAC36511272686C10030E39F /* Debug */ = {
			isa = XCBuildConfiguration;
			buildSettings = {
				ALWAYS_SEARCH_USER_PATHS = NO;
				CLANG_ANALYZER_LOCALIZABILITY_NONLOCALIZED = YES;
				CLANG_ANALYZER_NONNULL = YES;
				CLANG_ANALYZER_NUMBER_OBJECT_CONVERSION = YES_AGGRESSIVE;
				CLANG_CXX_LANGUAGE_STANDARD = "gnu++14";
				CLANG_CXX_LIBRARY = "libc++";
				CLANG_ENABLE_MODULES = YES;
				CLANG_ENABLE_OBJC_ARC = YES;
				CLANG_ENABLE_OBJC_WEAK = YES;
				CLANG_WARN_BLOCK_CAPTURE_AUTORELEASING = YES;
				CLANG_WARN_BOOL_CONVERSION = YES;
				CLANG_WARN_COMMA = YES;
				CLANG_WARN_CONSTANT_CONVERSION = YES;
				CLANG_WARN_DEPRECATED_OBJC_IMPLEMENTATIONS = YES;
				CLANG_WARN_DIRECT_OBJC_ISA_USAGE = YES_ERROR;
				CLANG_WARN_DOCUMENTATION_COMMENTS = YES;
				CLANG_WARN_EMPTY_BODY = YES;
				CLANG_WARN_ENUM_CONVERSION = YES;
				CLANG_WARN_INFINITE_RECURSION = YES;
				CLANG_WARN_INT_CONVERSION = YES;
				CLANG_WARN_NON_LITERAL_NULL_CONVERSION = YES;
				CLANG_WARN_OBJC_IMPLICIT_RETAIN_SELF = YES;
				CLANG_WARN_OBJC_LITERAL_CONVERSION = YES;
				CLANG_WARN_OBJC_ROOT_CLASS = YES_ERROR;
				CLANG_WARN_QUOTED_INCLUDE_IN_FRAMEWORK_HEADER = YES;
				CLANG_WARN_RANGE_LOOP_ANALYSIS = YES;
				CLANG_WARN_STRICT_PROTOTYPES = YES;
				CLANG_WARN_SUSPICIOUS_MOVE = YES;
				CLANG_WARN_UNGUARDED_AVAILABILITY = YES_AGGRESSIVE;
				CLANG_WARN_UNREACHABLE_CODE = YES;
				CLANG_WARN__DUPLICATE_METHOD_MATCH = YES;
				COPY_PHASE_STRIP = NO;
				DEBUG_INFORMATION_FORMAT = dwarf;
				ENABLE_STRICT_OBJC_MSGSEND = YES;
				ENABLE_TESTABILITY = YES;
				GCC_C_LANGUAGE_STANDARD = gnu11;
				GCC_DYNAMIC_NO_PIC = NO;
				GCC_NO_COMMON_BLOCKS = YES;
				GCC_OPTIMIZATION_LEVEL = 0;
				GCC_PREPROCESSOR_DEFINITIONS = (
					"DEBUG=1",
					"$(inherited)",
				);
				GCC_WARN_64_TO_32_BIT_CONVERSION = YES;
				GCC_WARN_ABOUT_RETURN_TYPE = YES_ERROR;
				GCC_WARN_UNDECLARED_SELECTOR = YES;
				GCC_WARN_UNINITIALIZED_AUTOS = YES_AGGRESSIVE;
				GCC_WARN_UNUSED_FUNCTION = YES;
				GCC_WARN_UNUSED_VARIABLE = YES;
				IPHONEOS_DEPLOYMENT_TARGET = 14.5;
				MTL_ENABLE_DEBUG_INFO = INCLUDE_SOURCE;
				MTL_FAST_MATH = YES;
				ONLY_ACTIVE_ARCH = YES;
				SDKROOT = iphoneos;
				SWIFT_ACTIVE_COMPILATION_CONDITIONS = DEBUG;
				SWIFT_OPTIMIZATION_LEVEL = "-Onone";
			};
			name = Debug;
		};
		CAC36512272686C10030E39F /* Release */ = {
			isa = XCBuildConfiguration;
			buildSettings = {
				ALWAYS_SEARCH_USER_PATHS = NO;
				CLANG_ANALYZER_LOCALIZABILITY_NONLOCALIZED = YES;
				CLANG_ANALYZER_NONNULL = YES;
				CLANG_ANALYZER_NUMBER_OBJECT_CONVERSION = YES_AGGRESSIVE;
				CLANG_CXX_LANGUAGE_STANDARD = "gnu++14";
				CLANG_CXX_LIBRARY = "libc++";
				CLANG_ENABLE_MODULES = YES;
				CLANG_ENABLE_OBJC_ARC = YES;
				CLANG_ENABLE_OBJC_WEAK = YES;
				CLANG_WARN_BLOCK_CAPTURE_AUTORELEASING = YES;
				CLANG_WARN_BOOL_CONVERSION = YES;
				CLANG_WARN_COMMA = YES;
				CLANG_WARN_CONSTANT_CONVERSION = YES;
				CLANG_WARN_DEPRECATED_OBJC_IMPLEMENTATIONS = YES;
				CLANG_WARN_DIRECT_OBJC_ISA_USAGE = YES_ERROR;
				CLANG_WARN_DOCUMENTATION_COMMENTS = YES;
				CLANG_WARN_EMPTY_BODY = YES;
				CLANG_WARN_ENUM_CONVERSION = YES;
				CLANG_WARN_INFINITE_RECURSION = YES;
				CLANG_WARN_INT_CONVERSION = YES;
				CLANG_WARN_NON_LITERAL_NULL_CONVERSION = YES;
				CLANG_WARN_OBJC_IMPLICIT_RETAIN_SELF = YES;
				CLANG_WARN_OBJC_LITERAL_CONVERSION = YES;
				CLANG_WARN_OBJC_ROOT_CLASS = YES_ERROR;
				CLANG_WARN_QUOTED_INCLUDE_IN_FRAMEWORK_HEADER = YES;
				CLANG_WARN_RANGE_LOOP_ANALYSIS = YES;
				CLANG_WARN_STRICT_PROTOTYPES = YES;
				CLANG_WARN_SUSPICIOUS_MOVE = YES;
				CLANG_WARN_UNGUARDED_AVAILABILITY = YES_AGGRESSIVE;
				CLANG_WARN_UNREACHABLE_CODE = YES;
				CLANG_WARN__DUPLICATE_METHOD_MATCH = YES;
				COPY_PHASE_STRIP = NO;
				DEBUG_INFORMATION_FORMAT = "dwarf-with-dsym";
				ENABLE_NS_ASSERTIONS = NO;
				ENABLE_STRICT_OBJC_MSGSEND = YES;
				GCC_C_LANGUAGE_STANDARD = gnu11;
				GCC_NO_COMMON_BLOCKS = YES;
				GCC_WARN_64_TO_32_BIT_CONVERSION = YES;
				GCC_WARN_ABOUT_RETURN_TYPE = YES_ERROR;
				GCC_WARN_UNDECLARED_SELECTOR = YES;
				GCC_WARN_UNINITIALIZED_AUTOS = YES_AGGRESSIVE;
				GCC_WARN_UNUSED_FUNCTION = YES;
				GCC_WARN_UNUSED_VARIABLE = YES;
				IPHONEOS_DEPLOYMENT_TARGET = 14.5;
				MTL_ENABLE_DEBUG_INFO = NO;
				MTL_FAST_MATH = YES;
				SDKROOT = iphoneos;
				SWIFT_COMPILATION_MODE = wholemodule;
				SWIFT_OPTIMIZATION_LEVEL = "-O";
				VALIDATE_PRODUCT = YES;
			};
			name = Release;
		};
		CAC36514272686C10030E39F /* Debug */ = {
			isa = XCBuildConfiguration;
			buildSettings = {
				ASSETCATALOG_COMPILER_APPICON_NAME = AppIcon;
				ASSETCATALOG_COMPILER_GLOBAL_ACCENT_COLOR_NAME = AccentColor;
				CODE_SIGN_STYLE = Automatic;
				DEVELOPMENT_TEAM = 8WY898MHLG;
				INFOPLIST_FILE = WorldTrotteriter1/Info.plist;
				LD_RUNPATH_SEARCH_PATHS = (
					"$(inherited)",
					"@executable_path/Frameworks",
				);
				PRODUCT_BUNDLE_IDENTIFIER = com.yousef.WorldTrotteriter1;
				PRODUCT_NAME = "$(TARGET_NAME)";
				SWIFT_VERSION = 5.0;
				TARGETED_DEVICE_FAMILY = "1,2";
			};
			name = Debug;
		};
		CAC36515272686C10030E39F /* Release */ = {
			isa = XCBuildConfiguration;
			buildSettings = {
				ASSETCATALOG_COMPILER_APPICON_NAME = AppIcon;
				ASSETCATALOG_COMPILER_GLOBAL_ACCENT_COLOR_NAME = AccentColor;
				CODE_SIGN_STYLE = Automatic;
				DEVELOPMENT_TEAM = 8WY898MHLG;
				INFOPLIST_FILE = WorldTrotteriter1/Info.plist;
				LD_RUNPATH_SEARCH_PATHS = (
					"$(inherited)",
					"@executable_path/Frameworks",
				);
				PRODUCT_BUNDLE_IDENTIFIER = com.yousef.WorldTrotteriter1;
				PRODUCT_NAME = "$(TARGET_NAME)";
				SWIFT_VERSION = 5.0;
				TARGETED_DEVICE_FAMILY = "1,2";
			};
			name = Release;
		};
/* End XCBuildConfiguration section */

/* Begin XCConfigurationList section */
		CAC364FA272686BF0030E39F /* Build configuration list for PBXProject "WorldTrotteriter1" */ = {
			isa = XCConfigurationList;
			buildConfigurations = (
				CAC36511272686C10030E39F /* Debug */,
				CAC36512272686C10030E39F /* Release */,
			);
			defaultConfigurationIsVisible = 0;
			defaultConfigurationName = Release;
		};
		CAC36513272686C10030E39F /* Build configuration list for PBXNativeTarget "WorldTrotteriter1" */ = {
			isa = XCConfigurationList;
			buildConfigurations = (
				CAC36514272686C10030E39F /* Debug */,
				CAC36515272686C10030E39F /* Release */,
			);
			defaultConfigurationIsVisible = 0;
			defaultConfigurationName = Release;
		};
/* End XCConfigurationList section */
	};
	rootObject = CAC364F7272686BF0030E39F /* Project object */;
}
