// !$*UTF8*$!
{
	archiveVersion = 1;
	classes = {
	};
	objectVersion = 50;
	objects = {

/* Begin PBXBuildFile section */
		BF123B4127423DD00005DF64 /* error.mp3 in Resources */ = {isa = PBXBuildFile; fileRef = BF123B4027423DD00005DF64 /* error.mp3 */; };
		BF603E54272206C00058EF27 /* AppDelegate.swift in Sources */ = {isa = PBXBuildFile; fileRef = BF603E53272206C00058EF27 /* AppDelegate.swift */; };
		BF603E56272206C00058EF27 /* SceneDelegate.swift in Sources */ = {isa = PBXBuildFile; fileRef = BF603E55272206C00058EF27 /* SceneDelegate.swift */; };
		BF603E58272206C00058EF27 /* ViewController.swift in Sources */ = {isa = PBXBuildFile; fileRef = BF603E57272206C00058EF27 /* ViewController.swift */; };
		BF603E5D272206C10058EF27 /* Assets.xcassets in Resources */ = {isa = PBXBuildFile; fileRef = BF603E5C272206C10058EF27 /* Assets.xcassets */; };
		BF603E60272206C10058EF27 /* LaunchScreen.storyboard in Resources */ = {isa = PBXBuildFile; fileRef = BF603E5E272206C10058EF27 /* LaunchScreen.storyboard */; };
		BF603E68272206D20058EF27 /* Main.storyboard in Resources */ = {isa = PBXBuildFile; fileRef = BF603E67272206D20058EF27 /* Main.storyboard */; };
		BF603E6B272214EE0058EF27 /* QuestionManager.swift in Sources */ = {isa = PBXBuildFile; fileRef = BF603E6A272214EE0058EF27 /* QuestionManager.swift */; };
		BF603E6D272214F70058EF27 /* Question.swift in Sources */ = {isa = PBXBuildFile; fileRef = BF603E6C272214F70058EF27 /* Question.swift */; };
		BF603E6F272216490058EF27 /* clapping.mp3 in Resources */ = {isa = PBXBuildFile; fileRef = BF603E6E272216490058EF27 /* clapping.mp3 */; };
		BFB13B4127451FAC0097728F /* startVC.swift in Sources */ = {isa = PBXBuildFile; fileRef = BFB13B4027451FAC0097728F /* startVC.swift */; };
/* End PBXBuildFile section */

/* Begin PBXFileReference section */
		BF123B4027423DD00005DF64 /* error.mp3 */ = {isa = PBXFileReference; lastKnownFileType = audio.mp3; path = error.mp3; sourceTree = "<group>"; };
		BF603E50272206C00058EF27 /* TriviaMultipleChoice"rawabi Ahmed.app */ = {isa = PBXFileReference; explicitFileType = wrapper.application; includeInIndex = 0; path = "TriviaMultipleChoice\"rawabi Ahmed.app"; sourceTree = BUILT_PRODUCTS_DIR; };
		BF603E53272206C00058EF27 /* AppDelegate.swift */ = {isa = PBXFileReference; lastKnownFileType = sourcecode.swift; path = AppDelegate.swift; sourceTree = "<group>"; };
		BF603E55272206C00058EF27 /* SceneDelegate.swift */ = {isa = PBXFileReference; lastKnownFileType = sourcecode.swift; path = SceneDelegate.swift; sourceTree = "<group>"; };
		BF603E57272206C00058EF27 /* ViewController.swift */ = {isa = PBXFileReference; lastKnownFileType = sourcecode.swift; path = ViewController.swift; sourceTree = "<group>"; };
		BF603E5C272206C10058EF27 /* Assets.xcassets */ = {isa = PBXFileReference; lastKnownFileType = folder.assetcatalog; path = Assets.xcassets; sourceTree = "<group>"; };
		BF603E5F272206C10058EF27 /* Base */ = {isa = PBXFileReference; lastKnownFileType = file.storyboard; name = Base; path = Base.lproj/LaunchScreen.storyboard; sourceTree = "<group>"; };
		BF603E61272206C10058EF27 /* Info.plist */ = {isa = PBXFileReference; lastKnownFileType = text.plist.xml; path = Info.plist; sourceTree = "<group>"; };
		BF603E67272206D20058EF27 /* Main.storyboard */ = {isa = PBXFileReference; fileEncoding = 4; lastKnownFileType = file.storyboard; path = Main.storyboard; sourceTree = "<group>"; };
		BF603E6A272214EE0058EF27 /* QuestionManager.swift */ = {isa = PBXFileReference; fileEncoding = 4; lastKnownFileType = sourcecode.swift; path = QuestionManager.swift; sourceTree = "<group>"; };
		BF603E6C272214F70058EF27 /* Question.swift */ = {isa = PBXFileReference; fileEncoding = 4; lastKnownFileType = sourcecode.swift; path = Question.swift; sourceTree = "<group>"; };
		BF603E6E272216490058EF27 /* clapping.mp3 */ = {isa = PBXFileReference; lastKnownFileType = audio.mp3; path = clapping.mp3; sourceTree = "<group>"; };
		BFB13B4027451FAC0097728F /* startVC.swift */ = {isa = PBXFileReference; lastKnownFileType = sourcecode.swift; path = startVC.swift; sourceTree = "<group>"; };
/* End PBXFileReference section */

/* Begin PBXFrameworksBuildPhase section */
		BF603E4D272206C00058EF27 /* Frameworks */ = {
			isa = PBXFrameworksBuildPhase;
			buildActionMask = 2147483647;
			files = (
			);
			runOnlyForDeploymentPostprocessing = 0;
		};
/* End PBXFrameworksBuildPhase section */

/* Begin PBXGroup section */
		BF123B4227423E820005DF64 /* Sounds */ = {
			isa = PBXGroup;
			children = (
				BF603E6E272216490058EF27 /* clapping.mp3 */,
				BF123B4027423DD00005DF64 /* error.mp3 */,
			);
			path = Sounds;
			sourceTree = "<group>";
		};
		BF603E47272206C00058EF27 = {
			isa = PBXGroup;
			children = (
				BF603E52272206C00058EF27 /* TriviaMultipleChoice"rawabi Ahmed */,
				BF603E51272206C00058EF27 /* Products */,
			);
			sourceTree = "<group>";
		};
		BF603E51272206C00058EF27 /* Products */ = {
			isa = PBXGroup;
			children = (
				BF603E50272206C00058EF27 /* TriviaMultipleChoice"rawabi Ahmed.app */,
			);
			name = Products;
			sourceTree = "<group>";
		};
		BF603E52272206C00058EF27 /* TriviaMultipleChoice"rawabi Ahmed */ = {
			isa = PBXGroup;
			children = (
				BF603E69272214D20058EF27 /* Model */,
				BFB13B4227452F210097728F /* Controller */,
				BFB13B4427452F3F0097728F /* View */,
				BF123B4227423E820005DF64 /* Sounds */,
				BFB13B4327452F2C0097728F /* Support */,
				BF603E61272206C10058EF27 /* Info.plist */,
			);
			path = "TriviaMultipleChoice\"rawabi Ahmed";
			sourceTree = "<group>";
		};
		BF603E69272214D20058EF27 /* Model */ = {
			isa = PBXGroup;
			children = (
				BFB13B4027451FAC0097728F /* startVC.swift */,
				BF603E6A272214EE0058EF27 /* QuestionManager.swift */,
				BF603E6C272214F70058EF27 /* Question.swift */,
			);
			path = Model;
			sourceTree = "<group>";
		};
		BFB13B4227452F210097728F /* Controller */ = {
			isa = PBXGroup;
			children = (
				BF603E57272206C00058EF27 /* ViewController.swift */,
			);
			path = Controller;
			sourceTree = "<group>";
		};
		BFB13B4327452F2C0097728F /* Support */ = {
			isa = PBXGroup;
			children = (
				BF603E53272206C00058EF27 /* AppDelegate.swift */,
				BF603E5E272206C10058EF27 /* LaunchScreen.storyboard */,
				BF603E5C272206C10058EF27 /* Assets.xcassets */,
				BF603E55272206C00058EF27 /* SceneDelegate.swift */,
			);
			path = Support;
			sourceTree = "<group>";
		};
		BFB13B4427452F3F0097728F /* View */ = {
			isa = PBXGroup;
			children = (
				BF603E67272206D20058EF27 /* Main.storyboard */,
			);
			path = View;
			sourceTree = "<group>";
		};
/* End PBXGroup section */

/* Begin PBXNativeTarget section */
		BF603E4F272206C00058EF27 /* TriviaMultipleChoice"rawabi Ahmed */ = {
			isa = PBXNativeTarget;
			buildConfigurationList = BF603E64272206C10058EF27 /* Build configuration list for PBXNativeTarget "TriviaMultipleChoice"rawabi Ahmed" */;
			buildPhases = (
				BF603E4C272206C00058EF27 /* Sources */,
				BF603E4D272206C00058EF27 /* Frameworks */,
				BF603E4E272206C00058EF27 /* Resources */,
			);
			buildRules = (
			);
			dependencies = (
			);
			name = "TriviaMultipleChoice\"rawabi Ahmed";
			productName = "TriviaMultipleChoice\"rawabi Ahmed";
			productReference = BF603E50272206C00058EF27 /* TriviaMultipleChoice"rawabi Ahmed.app */;
			productType = "com.apple.product-type.application";
		};
/* End PBXNativeTarget section */

/* Begin PBXProject section */
		BF603E48272206C00058EF27 /* Project object */ = {
			isa = PBXProject;
			attributes = {
				LastSwiftUpdateCheck = 1250;
				LastUpgradeCheck = 1250;
				TargetAttributes = {
					BF603E4F272206C00058EF27 = {
						CreatedOnToolsVersion = 12.5;
					};
				};
			};
			buildConfigurationList = BF603E4B272206C00058EF27 /* Build configuration list for PBXProject "TriviaMultipleChoice"rawabi Ahmed" */;
			compatibilityVersion = "Xcode 9.3";
			developmentRegion = en;
			hasScannedForEncodings = 0;
			knownRegions = (
				en,
				Base,
			);
			mainGroup = BF603E47272206C00058EF27;
			productRefGroup = BF603E51272206C00058EF27 /* Products */;
			projectDirPath = "";
			projectRoot = "";
			targets = (
				BF603E4F272206C00058EF27 /* TriviaMultipleChoice"rawabi Ahmed */,
			);
		};
/* End PBXProject section */

/* Begin PBXResourcesBuildPhase section */
		BF603E4E272206C00058EF27 /* Resources */ = {
			isa = PBXResourcesBuildPhase;
			buildActionMask = 2147483647;
			files = (
				BF603E6F272216490058EF27 /* clapping.mp3 in Resources */,
				BF603E60272206C10058EF27 /* LaunchScreen.storyboard in Resources */,
				BF123B4127423DD00005DF64 /* error.mp3 in Resources */,
				BF603E5D272206C10058EF27 /* Assets.xcassets in Resources */,
				BF603E68272206D20058EF27 /* Main.storyboard in Resources */,
			);
			runOnlyForDeploymentPostprocessing = 0;
		};
/* End PBXResourcesBuildPhase section */

/* Begin PBXSourcesBuildPhase section */
		BF603E4C272206C00058EF27 /* Sources */ = {
			isa = PBXSourcesBuildPhase;
			buildActionMask = 2147483647;
			files = (
				BF603E6D272214F70058EF27 /* Question.swift in Sources */,
				BFB13B4127451FAC0097728F /* startVC.swift in Sources */,
				BF603E58272206C00058EF27 /* ViewController.swift in Sources */,
				BF603E54272206C00058EF27 /* AppDelegate.swift in Sources */,
				BF603E56272206C00058EF27 /* SceneDelegate.swift in Sources */,
				BF603E6B272214EE0058EF27 /* QuestionManager.swift in Sources */,
			);
			runOnlyForDeploymentPostprocessing = 0;
		};
/* End PBXSourcesBuildPhase section */

/* Begin PBXVariantGroup section */
		BF603E5E272206C10058EF27 /* LaunchScreen.storyboard */ = {
			isa = PBXVariantGroup;
			children = (
				BF603E5F272206C10058EF27 /* Base */,
			);
			name = LaunchScreen.storyboard;
			sourceTree = "<group>";
		};
/* End PBXVariantGroup section */

/* Begin XCBuildConfiguration section */
		BF603E62272206C10058EF27 /* Debug */ = {
			isa = XCBuildConfiguration;
			buildSettings = {
				ALWAYS_SEARCH_USER_PATHS = NO;
				CLANG_ANALYZER_NONNULL = YES;
				CLANG_ANALYZER_NUMBER_OBJECT_CONVERSION = YES_AGGRESSIVE;
				CLANG_CXX_LANGUAGE_STANDARD = "gnu++14";
				CLANG_CXX_LIBRARY = "libc++";
				CLANG_ENABLE_MODULES = YES;
				CLANG_ENABLE_OBJC_ARC = YES;
				CLANG_ENABLE_OBJC_WEAK = YES;
				CLANG_WARN_BLOCK_CAPTURE_AUTORELEASING = YES;
				CLANG_WARN_BOOL_CONVERSION = YES;
				CLANG_WARN_COMMA = YES;
				CLANG_WARN_CONSTANT_CONVERSION = YES;
				CLANG_WARN_DEPRECATED_OBJC_IMPLEMENTATIONS = YES;
				CLANG_WARN_DIRECT_OBJC_ISA_USAGE = YES_ERROR;
				CLANG_WARN_DOCUMENTATION_COMMENTS = YES;
				CLANG_WARN_EMPTY_BODY = YES;
				CLANG_WARN_ENUM_CONVERSION = YES;
				CLANG_WARN_INFINITE_RECURSION = YES;
				CLANG_WARN_INT_CONVERSION = YES;
				CLANG_WARN_NON_LITERAL_NULL_CONVERSION = YES;
				CLANG_WARN_OBJC_IMPLICIT_RETAIN_SELF = YES;
				CLANG_WARN_OBJC_LITERAL_CONVERSION = YES;
				CLANG_WARN_OBJC_ROOT_CLASS = YES_ERROR;
				CLANG_WARN_QUOTED_INCLUDE_IN_FRAMEWORK_HEADER = YES;
				CLANG_WARN_RANGE_LOOP_ANALYSIS = YES;
				CLANG_WARN_STRICT_PROTOTYPES = YES;
				CLANG_WARN_SUSPICIOUS_MOVE = YES;
				CLANG_WARN_UNGUARDED_AVAILABILITY = YES_AGGRESSIVE;
				CLANG_WARN_UNREACHABLE_CODE = YES;
				CLANG_WARN__DUPLICATE_METHOD_MATCH = YES;
				COPY_PHASE_STRIP = NO;
				DEBUG_INFORMATION_FORMAT = dwarf;
				ENABLE_STRICT_OBJC_MSGSEND = YES;
				ENABLE_TESTABILITY = YES;
				GCC_C_LANGUAGE_STANDARD = gnu11;
				GCC_DYNAMIC_NO_PIC = NO;
				GCC_NO_COMMON_BLOCKS = YES;
				GCC_OPTIMIZATION_LEVEL = 0;
				GCC_PREPROCESSOR_DEFINITIONS = (
					"DEBUG=1",
					"$(inherited)",
				);
				GCC_WARN_64_TO_32_BIT_CONVERSION = YES;
				GCC_WARN_ABOUT_RETURN_TYPE = YES_ERROR;
				GCC_WARN_UNDECLARED_SELECTOR = YES;
				GCC_WARN_UNINITIALIZED_AUTOS = YES_AGGRESSIVE;
				GCC_WARN_UNUSED_FUNCTION = YES;
				GCC_WARN_UNUSED_VARIABLE = YES;
				IPHONEOS_DEPLOYMENT_TARGET = 14.5;
				MTL_ENABLE_DEBUG_INFO = INCLUDE_SOURCE;
				MTL_FAST_MATH = YES;
				ONLY_ACTIVE_ARCH = YES;
				SDKROOT = iphoneos;
				SWIFT_ACTIVE_COMPILATION_CONDITIONS = DEBUG;
				SWIFT_OPTIMIZATION_LEVEL = "-Onone";
			};
			name = Debug;
		};
		BF603E63272206C10058EF27 /* Release */ = {
			isa = XCBuildConfiguration;
			buildSettings = {
				ALWAYS_SEARCH_USER_PATHS = NO;
				CLANG_ANALYZER_NONNULL = YES;
				CLANG_ANALYZER_NUMBER_OBJECT_CONVERSION = YES_AGGRESSIVE;
				CLANG_CXX_LANGUAGE_STANDARD = "gnu++14";
				CLANG_CXX_LIBRARY = "libc++";
				CLANG_ENABLE_MODULES = YES;
				CLANG_ENABLE_OBJC_ARC = YES;
				CLANG_ENABLE_OBJC_WEAK = YES;
				CLANG_WARN_BLOCK_CAPTURE_AUTORELEASING = YES;
				CLANG_WARN_BOOL_CONVERSION = YES;
				CLANG_WARN_COMMA = YES;
				CLANG_WARN_CONSTANT_CONVERSION = YES;
				CLANG_WARN_DEPRECATED_OBJC_IMPLEMENTATIONS = YES;
				CLANG_WARN_DIRECT_OBJC_ISA_USAGE = YES_ERROR;
				CLANG_WARN_DOCUMENTATION_COMMENTS = YES;
				CLANG_WARN_EMPTY_BODY = YES;
				CLANG_WARN_ENUM_CONVERSION = YES;
				CLANG_WARN_INFINITE_RECURSION = YES;
				CLANG_WARN_INT_CONVERSION = YES;
				CLANG_WARN_NON_LITERAL_NULL_CONVERSION = YES;
				CLANG_WARN_OBJC_IMPLICIT_RETAIN_SELF = YES;
				CLANG_WARN_OBJC_LITERAL_CONVERSION = YES;
				CLANG_WARN_OBJC_ROOT_CLASS = YES_ERROR;
				CLANG_WARN_QUOTED_INCLUDE_IN_FRAMEWORK_HEADER = YES;
				CLANG_WARN_RANGE_LOOP_ANALYSIS = YES;
				CLANG_WARN_STRICT_PROTOTYPES = YES;
				CLANG_WARN_SUSPICIOUS_MOVE = YES;
				CLANG_WARN_UNGUARDED_AVAILABILITY = YES_AGGRESSIVE;
				CLANG_WARN_UNREACHABLE_CODE = YES;
				CLANG_WARN__DUPLICATE_METHOD_MATCH = YES;
				COPY_PHASE_STRIP = NO;
				DEBUG_INFORMATION_FORMAT = "dwarf-with-dsym";
				ENABLE_NS_ASSERTIONS = NO;
				ENABLE_STRICT_OBJC_MSGSEND = YES;
				GCC_C_LANGUAGE_STANDARD = gnu11;
				GCC_NO_COMMON_BLOCKS = YES;
				GCC_WARN_64_TO_32_BIT_CONVERSION = YES;
				GCC_WARN_ABOUT_RETURN_TYPE = YES_ERROR;
				GCC_WARN_UNDECLARED_SELECTOR = YES;
				GCC_WARN_UNINITIALIZED_AUTOS = YES_AGGRESSIVE;
				GCC_WARN_UNUSED_FUNCTION = YES;
				GCC_WARN_UNUSED_VARIABLE = YES;
				IPHONEOS_DEPLOYMENT_TARGET = 14.5;
				MTL_ENABLE_DEBUG_INFO = NO;
				MTL_FAST_MATH = YES;
				SDKROOT = iphoneos;
				SWIFT_COMPILATION_MODE = wholemodule;
				SWIFT_OPTIMIZATION_LEVEL = "-O";
				VALIDATE_PRODUCT = YES;
			};
			name = Release;
		};
		BF603E65272206C10058EF27 /* Debug */ = {
			isa = XCBuildConfiguration;
			buildSettings = {
				ASSETCATALOG_COMPILER_GLOBAL_ACCENT_COLOR_NAME = AccentColor;
				CODE_SIGN_STYLE = Automatic;
				DEVELOPMENT_TEAM = UXMRTG3BH9;
				INFOPLIST_FILE = "TriviaMultipleChoice\"rawabi Ahmed/Info.plist";
				LD_RUNPATH_SEARCH_PATHS = (
					"$(inherited)",
					"@executable_path/Frameworks",
				);
				PRODUCT_BUNDLE_IDENTIFIER = "com.rawabiahmed.TriviaMultipleChoice-rawabi-Ahmed";
				PRODUCT_NAME = "$(TARGET_NAME)";
				SWIFT_VERSION = 5.0;
				TARGETED_DEVICE_FAMILY = "1,2";
			};
			name = Debug;
		};
		BF603E66272206C10058EF27 /* Release */ = {
			isa = XCBuildConfiguration;
			buildSettings = {
				ASSETCATALOG_COMPILER_GLOBAL_ACCENT_COLOR_NAME = AccentColor;
				CODE_SIGN_STYLE = Automatic;
				DEVELOPMENT_TEAM = UXMRTG3BH9;
				INFOPLIST_FILE = "TriviaMultipleChoice\"rawabi Ahmed/Info.plist";
				LD_RUNPATH_SEARCH_PATHS = (
					"$(inherited)",
					"@executable_path/Frameworks",
				);
				PRODUCT_BUNDLE_IDENTIFIER = "com.rawabiahmed.TriviaMultipleChoice-rawabi-Ahmed";
				PRODUCT_NAME = "$(TARGET_NAME)";
				SWIFT_VERSION = 5.0;
				TARGETED_DEVICE_FAMILY = "1,2";
			};
			name = Release;
		};
/* End XCBuildConfiguration section */

/* Begin XCConfigurationList section */
		BF603E4B272206C00058EF27 /* Build configuration list for PBXProject "TriviaMultipleChoice"rawabi Ahmed" */ = {
			isa = XCConfigurationList;
			buildConfigurations = (
				BF603E62272206C10058EF27 /* Debug */,
				BF603E63272206C10058EF27 /* Release */,
			);
			defaultConfigurationIsVisible = 0;
			defaultConfigurationName = Release;
		};
		BF603E64272206C10058EF27 /* Build configuration list for PBXNativeTarget "TriviaMultipleChoice"rawabi Ahmed" */ = {
			isa = XCConfigurationList;
			buildConfigurations = (
				BF603E65272206C10058EF27 /* Debug */,
				BF603E66272206C10058EF27 /* Release */,
			);
			defaultConfigurationIsVisible = 0;
			defaultConfigurationName = Release;
		};
/* End XCConfigurationList section */
	};
	rootObject = BF603E48272206C00058EF27 /* Project object */;
}
