// !$*UTF8*$!
{
	archiveVersion = 1;
	classes = {
	};
	objectVersion = 54;
	objects = {

/* Begin PBXBuildFile section */
		BD172BDC272485DC00F964BA /* error.mp3 in Resources */ = {isa = PBXBuildFile; fileRef = BD172BDB272485DC00F964BA /* error.mp3 */; };
		BD2E4CDF274513F8009F97E4 /* StartVC.swift in Sources */ = {isa = PBXBuildFile; fileRef = BD2E4CDE274513F8009F97E4 /* StartVC.swift */; };
		BDAD48DB27213D3100360300 /* AppDelegate.swift in Sources */ = {isa = PBXBuildFile; fileRef = BDAD48DA27213D3100360300 /* AppDelegate.swift */; };
		BDAD48DD27213D3100360300 /* SceneDelegate.swift in Sources */ = {isa = PBXBuildFile; fileRef = BDAD48DC27213D3100360300 /* SceneDelegate.swift */; };
		BDAD48DF27213D3100360300 /* ViewController.swift in Sources */ = {isa = PBXBuildFile; fileRef = BDAD48DE27213D3100360300 /* ViewController.swift */; };
		BDAD48E227213D3100360300 /* Main.storyboard in Resources */ = {isa = PBXBuildFile; fileRef = BDAD48E027213D3100360300 /* Main.storyboard */; };
		BDAD48E427213D3100360300 /* Assets.xcassets in Resources */ = {isa = PBXBuildFile; fileRef = BDAD48E327213D3100360300 /* Assets.xcassets */; };
		BDAD48E727213D3100360300 /* LaunchScreen.storyboard in Resources */ = {isa = PBXBuildFile; fileRef = BDAD48E527213D3100360300 /* LaunchScreen.storyboard */; };
		BDAD48EF2721534200360300 /* QuestionManager.swift in Sources */ = {isa = PBXBuildFile; fileRef = BDAD48EE2721534200360300 /* QuestionManager.swift */; };
		BDAD48F2272153A900360300 /* Question.swift in Sources */ = {isa = PBXBuildFile; fileRef = BDAD48F1272153A900360300 /* Question.swift */; };
		BDAD48F6272193D400360300 /* clapping.mp3 in Resources */ = {isa = PBXBuildFile; fileRef = BDAD48F5272193D400360300 /* clapping.mp3 */; };
/* End PBXBuildFile section */

/* Begin PBXFileReference section */
		BD172BDB272485DC00F964BA /* error.mp3 */ = {isa = PBXFileReference; lastKnownFileType = audio.mp3; path = error.mp3; sourceTree = "<group>"; };
		BD2E4CDE274513F8009F97E4 /* StartVC.swift */ = {isa = PBXFileReference; lastKnownFileType = sourcecode.swift; path = StartVC.swift; sourceTree = "<group>"; };
		BDAD48D727213D3100360300 /* TriviaMultipleChoice-Shuruq.app */ = {isa = PBXFileReference; explicitFileType = wrapper.application; includeInIndex = 0; path = "TriviaMultipleChoice-Shuruq.app"; sourceTree = BUILT_PRODUCTS_DIR; };
		BDAD48DA27213D3100360300 /* AppDelegate.swift */ = {isa = PBXFileReference; lastKnownFileType = sourcecode.swift; path = AppDelegate.swift; sourceTree = "<group>"; };
		BDAD48DC27213D3100360300 /* SceneDelegate.swift */ = {isa = PBXFileReference; lastKnownFileType = sourcecode.swift; path = SceneDelegate.swift; sourceTree = "<group>"; };
		BDAD48DE27213D3100360300 /* ViewController.swift */ = {isa = PBXFileReference; lastKnownFileType = sourcecode.swift; path = ViewController.swift; sourceTree = "<group>"; };
		BDAD48E127213D3100360300 /* Base */ = {isa = PBXFileReference; lastKnownFileType = file.storyboard; name = Base; path = Base.lproj/Main.storyboard; sourceTree = "<group>"; };
		BDAD48E327213D3100360300 /* Assets.xcassets */ = {isa = PBXFileReference; lastKnownFileType = folder.assetcatalog; path = Assets.xcassets; sourceTree = "<group>"; };
		BDAD48E627213D3100360300 /* Base */ = {isa = PBXFileReference; lastKnownFileType = file.storyboard; name = Base; path = Base.lproj/LaunchScreen.storyboard; sourceTree = "<group>"; };
		BDAD48E827213D3100360300 /* Info.plist */ = {isa = PBXFileReference; lastKnownFileType = text.plist.xml; path = Info.plist; sourceTree = "<group>"; };
		BDAD48EE2721534200360300 /* QuestionManager.swift */ = {isa = PBXFileReference; lastKnownFileType = sourcecode.swift; path = QuestionManager.swift; sourceTree = "<group>"; };
		BDAD48F1272153A900360300 /* Question.swift */ = {isa = PBXFileReference; lastKnownFileType = sourcecode.swift; path = Question.swift; sourceTree = "<group>"; };
		BDAD48F5272193D400360300 /* clapping.mp3 */ = {isa = PBXFileReference; lastKnownFileType = audio.mp3; path = clapping.mp3; sourceTree = "<group>"; };
/* End PBXFileReference section */

/* Begin PBXFrameworksBuildPhase section */
		BDAD48D427213D3100360300 /* Frameworks */ = {
			isa = PBXFrameworksBuildPhase;
			buildActionMask = 2147483647;
			files = (
			);
			runOnlyForDeploymentPostprocessing = 0;
		};
/* End PBXFrameworksBuildPhase section */

/* Begin PBXGroup section */
		BD3F87552741420600EC26C8 /* Sounds */ = {
			isa = PBXGroup;
			children = (
				BDAD48F5272193D400360300 /* clapping.mp3 */,
				BD172BDB272485DC00F964BA /* error.mp3 */,
			);
			path = Sounds;
			sourceTree = "<group>";
		};
		BDAD48CE27213D3100360300 = {
			isa = PBXGroup;
			children = (
				BDAD48D927213D3100360300 /* TriviaMultipleChoice-Shuruq */,
				BDAD48D827213D3100360300 /* Products */,
			);
			sourceTree = "<group>";
		};
		BDAD48D827213D3100360300 /* Products */ = {
			isa = PBXGroup;
			children = (
				BDAD48D727213D3100360300 /* TriviaMultipleChoice-Shuruq.app */,
			);
			name = Products;
			sourceTree = "<group>";
		};
		BDAD48D927213D3100360300 /* TriviaMultipleChoice-Shuruq */ = {
			isa = PBXGroup;
			children = (
				BDAD48F02721538600360300 /* model */,
				BDAD48DA27213D3100360300 /* AppDelegate.swift */,
				BDAD48DC27213D3100360300 /* SceneDelegate.swift */,
				BDAD48DE27213D3100360300 /* ViewController.swift */,
				BD2E4CDE274513F8009F97E4 /* StartVC.swift */,
				BD3F87552741420600EC26C8 /* Sounds */,
				BDAD48E027213D3100360300 /* Main.storyboard */,
				BDAD48E327213D3100360300 /* Assets.xcassets */,
				BDAD48E527213D3100360300 /* LaunchScreen.storyboard */,
				BDAD48E827213D3100360300 /* Info.plist */,
			);
			path = "TriviaMultipleChoice-Shuruq";
			sourceTree = "<group>";
		};
		BDAD48F02721538600360300 /* model */ = {
			isa = PBXGroup;
			children = (
				BDAD48EE2721534200360300 /* QuestionManager.swift */,
				BDAD48F1272153A900360300 /* Question.swift */,
			);
			path = model;
			sourceTree = "<group>";
		};
/* End PBXGroup section */

/* Begin PBXNativeTarget section */
		BDAD48D627213D3100360300 /* TriviaMultipleChoice-Shuruq */ = {
			isa = PBXNativeTarget;
			buildConfigurationList = BDAD48EB27213D3100360300 /* Build configuration list for PBXNativeTarget "TriviaMultipleChoice-Shuruq" */;
			buildPhases = (
				BDAD48D327213D3100360300 /* Sources */,
				BDAD48D427213D3100360300 /* Frameworks */,
				BDAD48D527213D3100360300 /* Resources */,
			);
			buildRules = (
			);
			dependencies = (
			);
			name = "TriviaMultipleChoice-Shuruq";
			productName = "TriviaMultipleChoice-Shuruq";
			productReference = BDAD48D727213D3100360300 /* TriviaMultipleChoice-Shuruq.app */;
			productType = "com.apple.product-type.application";
		};
/* End PBXNativeTarget section */

/* Begin PBXProject section */
		BDAD48CF27213D3100360300 /* Project object */ = {
			isa = PBXProject;
			attributes = {
				LastSwiftUpdateCheck = 1250;
				LastUpgradeCheck = 1250;
				TargetAttributes = {
					BDAD48D627213D3100360300 = {
						CreatedOnToolsVersion = 12.5;
					};
				};
			};
			buildConfigurationList = BDAD48D227213D3100360300 /* Build configuration list for PBXProject "TriviaMultipleChoice-Shuruq" */;
			compatibilityVersion = "Xcode 12.0";
			developmentRegion = en;
			hasScannedForEncodings = 0;
			knownRegions = (
				en,
				Base,
			);
			mainGroup = BDAD48CE27213D3100360300;
			productRefGroup = BDAD48D827213D3100360300 /* Products */;
			projectDirPath = "";
			projectRoot = "";
			targets = (
				BDAD48D627213D3100360300 /* TriviaMultipleChoice-Shuruq */,
			);
		};
/* End PBXProject section */

/* Begin PBXResourcesBuildPhase section */
		BDAD48D527213D3100360300 /* Resources */ = {
			isa = PBXResourcesBuildPhase;
			buildActionMask = 2147483647;
			files = (
				BDAD48E727213D3100360300 /* LaunchScreen.storyboard in Resources */,
				BDAD48F6272193D400360300 /* clapping.mp3 in Resources */,
				BD172BDC272485DC00F964BA /* error.mp3 in Resources */,
				BDAD48E427213D3100360300 /* Assets.xcassets in Resources */,
				BDAD48E227213D3100360300 /* Main.storyboard in Resources */,
			);
			runOnlyForDeploymentPostprocessing = 0;
		};
/* End PBXResourcesBuildPhase section */

/* Begin PBXSourcesBuildPhase section */
		BDAD48D327213D3100360300 /* Sources */ = {
			isa = PBXSourcesBuildPhase;
			buildActionMask = 2147483647;
			files = (
				BDAD48F2272153A900360300 /* Question.swift in Sources */,
				BDAD48DF27213D3100360300 /* ViewController.swift in Sources */,
				BDAD48DB27213D3100360300 /* AppDelegate.swift in Sources */,
				BDAD48DD27213D3100360300 /* SceneDelegate.swift in Sources */,
				BDAD48EF2721534200360300 /* QuestionManager.swift in Sources */,
				BD2E4CDF274513F8009F97E4 /* StartVC.swift in Sources */,
			);
			runOnlyForDeploymentPostprocessing = 0;
		};
/* End PBXSourcesBuildPhase section */

/* Begin PBXVariantGroup section */
		BDAD48E027213D3100360300 /* Main.storyboard */ = {
			isa = PBXVariantGroup;
			children = (
				BDAD48E127213D3100360300 /* Base */,
			);
			name = Main.storyboard;
			sourceTree = "<group>";
		};
		BDAD48E527213D3100360300 /* LaunchScreen.storyboard */ = {
			isa = PBXVariantGroup;
			children = (
				BDAD48E627213D3100360300 /* Base */,
			);
			name = LaunchScreen.storyboard;
			sourceTree = "<group>";
		};
/* End PBXVariantGroup section */

/* Begin XCBuildConfiguration section */
		BDAD48E927213D3100360300 /* Debug */ = {
			isa = XCBuildConfiguration;
			buildSettings = {
				ALWAYS_SEARCH_USER_PATHS = NO;
				CLANG_ANALYZER_NONNULL = YES;
				CLANG_ANALYZER_NUMBER_OBJECT_CONVERSION = YES_AGGRESSIVE;
				CLANG_CXX_LANGUAGE_STANDARD = "gnu++14";
				CLANG_CXX_LIBRARY = "libc++";
				CLANG_ENABLE_MODULES = YES;
				CLANG_ENABLE_OBJC_ARC = YES;
				CLANG_ENABLE_OBJC_WEAK = YES;
				CLANG_WARN_BLOCK_CAPTURE_AUTORELEASING = YES;
				CLANG_WARN_BOOL_CONVERSION = YES;
				CLANG_WARN_COMMA = YES;
				CLANG_WARN_CONSTANT_CONVERSION = YES;
				CLANG_WARN_DEPRECATED_OBJC_IMPLEMENTATIONS = YES;
				CLANG_WARN_DIRECT_OBJC_ISA_USAGE = YES_ERROR;
				CLANG_WARN_DOCUMENTATION_COMMENTS = YES;
				CLANG_WARN_EMPTY_BODY = YES;
				CLANG_WARN_ENUM_CONVERSION = YES;
				CLANG_WARN_INFINITE_RECURSION = YES;
				CLANG_WARN_INT_CONVERSION = YES;
				CLANG_WARN_NON_LITERAL_NULL_CONVERSION = YES;
				CLANG_WARN_OBJC_IMPLICIT_RETAIN_SELF = YES;
				CLANG_WARN_OBJC_LITERAL_CONVERSION = YES;
				CLANG_WARN_OBJC_ROOT_CLASS = YES_ERROR;
				CLANG_WARN_QUOTED_INCLUDE_IN_FRAMEWORK_HEADER = YES;
				CLANG_WARN_RANGE_LOOP_ANALYSIS = YES;
				CLANG_WARN_STRICT_PROTOTYPES = YES;
				CLANG_WARN_SUSPICIOUS_MOVE = YES;
				CLANG_WARN_UNGUARDED_AVAILABILITY = YES_AGGRESSIVE;
				CLANG_WARN_UNREACHABLE_CODE = YES;
				CLANG_WARN__DUPLICATE_METHOD_MATCH = YES;
				COPY_PHASE_STRIP = NO;
				DEBUG_INFORMATION_FORMAT = dwarf;
				ENABLE_STRICT_OBJC_MSGSEND = YES;
				ENABLE_TESTABILITY = YES;
				GCC_C_LANGUAGE_STANDARD = gnu11;
				GCC_DYNAMIC_NO_PIC = NO;
				GCC_NO_COMMON_BLOCKS = YES;
				GCC_OPTIMIZATION_LEVEL = 0;
				GCC_PREPROCESSOR_DEFINITIONS = (
					"DEBUG=1",
					"$(inherited)",
				);
				GCC_WARN_64_TO_32_BIT_CONVERSION = YES;
				GCC_WARN_ABOUT_RETURN_TYPE = YES_ERROR;
				GCC_WARN_UNDECLARED_SELECTOR = YES;
				GCC_WARN_UNINITIALIZED_AUTOS = YES_AGGRESSIVE;
				GCC_WARN_UNUSED_FUNCTION = YES;
				GCC_WARN_UNUSED_VARIABLE = YES;
				IPHONEOS_DEPLOYMENT_TARGET = 14.5;
				MTL_ENABLE_DEBUG_INFO = INCLUDE_SOURCE;
				MTL_FAST_MATH = YES;
				ONLY_ACTIVE_ARCH = YES;
				SDKROOT = iphoneos;
				SWIFT_ACTIVE_COMPILATION_CONDITIONS = DEBUG;
				SWIFT_OPTIMIZATION_LEVEL = "-Onone";
			};
			name = Debug;
		};
		BDAD48EA27213D3100360300 /* Release */ = {
			isa = XCBuildConfiguration;
			buildSettings = {
				ALWAYS_SEARCH_USER_PATHS = NO;
				CLANG_ANALYZER_NONNULL = YES;
				CLANG_ANALYZER_NUMBER_OBJECT_CONVERSION = YES_AGGRESSIVE;
				CLANG_CXX_LANGUAGE_STANDARD = "gnu++14";
				CLANG_CXX_LIBRARY = "libc++";
				CLANG_ENABLE_MODULES = YES;
				CLANG_ENABLE_OBJC_ARC = YES;
				CLANG_ENABLE_OBJC_WEAK = YES;
				CLANG_WARN_BLOCK_CAPTURE_AUTORELEASING = YES;
				CLANG_WARN_BOOL_CONVERSION = YES;
				CLANG_WARN_COMMA = YES;
				CLANG_WARN_CONSTANT_CONVERSION = YES;
				CLANG_WARN_DEPRECATED_OBJC_IMPLEMENTATIONS = YES;
				CLANG_WARN_DIRECT_OBJC_ISA_USAGE = YES_ERROR;
				CLANG_WARN_DOCUMENTATION_COMMENTS = YES;
				CLANG_WARN_EMPTY_BODY = YES;
				CLANG_WARN_ENUM_CONVERSION = YES;
				CLANG_WARN_INFINITE_RECURSION = YES;
				CLANG_WARN_INT_CONVERSION = YES;
				CLANG_WARN_NON_LITERAL_NULL_CONVERSION = YES;
				CLANG_WARN_OBJC_IMPLICIT_RETAIN_SELF = YES;
				CLANG_WARN_OBJC_LITERAL_CONVERSION = YES;
				CLANG_WARN_OBJC_ROOT_CLASS = YES_ERROR;
				CLANG_WARN_QUOTED_INCLUDE_IN_FRAMEWORK_HEADER = YES;
				CLANG_WARN_RANGE_LOOP_ANALYSIS = YES;
				CLANG_WARN_STRICT_PROTOTYPES = YES;
				CLANG_WARN_SUSPICIOUS_MOVE = YES;
				CLANG_WARN_UNGUARDED_AVAILABILITY = YES_AGGRESSIVE;
				CLANG_WARN_UNREACHABLE_CODE = YES;
				CLANG_WARN__DUPLICATE_METHOD_MATCH = YES;
				COPY_PHASE_STRIP = NO;
				DEBUG_INFORMATION_FORMAT = "dwarf-with-dsym";
				ENABLE_NS_ASSERTIONS = NO;
				ENABLE_STRICT_OBJC_MSGSEND = YES;
				GCC_C_LANGUAGE_STANDARD = gnu11;
				GCC_NO_COMMON_BLOCKS = YES;
				GCC_WARN_64_TO_32_BIT_CONVERSION = YES;
				GCC_WARN_ABOUT_RETURN_TYPE = YES_ERROR;
				GCC_WARN_UNDECLARED_SELECTOR = YES;
				GCC_WARN_UNINITIALIZED_AUTOS = YES_AGGRESSIVE;
				GCC_WARN_UNUSED_FUNCTION = YES;
				GCC_WARN_UNUSED_VARIABLE = YES;
				IPHONEOS_DEPLOYMENT_TARGET = 14.5;
				MTL_ENABLE_DEBUG_INFO = NO;
				MTL_FAST_MATH = YES;
				SDKROOT = iphoneos;
				SWIFT_COMPILATION_MODE = wholemodule;
				SWIFT_OPTIMIZATION_LEVEL = "-O";
				VALIDATE_PRODUCT = YES;
			};
			name = Release;
		};
		BDAD48EC27213D3100360300 /* Debug */ = {
			isa = XCBuildConfiguration;
			buildSettings = {
				ASSETCATALOG_COMPILER_APPICON_NAME = AppIcon;
				ASSETCATALOG_COMPILER_GLOBAL_ACCENT_COLOR_NAME = AccentColor;
				CODE_SIGN_STYLE = Automatic;
				DEVELOPMENT_TEAM = S2N5ABFX6X;
				INFOPLIST_FILE = "TriviaMultipleChoice-Shuruq/Info.plist";
				IPHONEOS_DEPLOYMENT_TARGET = 14.6;
				LD_RUNPATH_SEARCH_PATHS = (
					"$(inherited)",
					"@executable_path/Frameworks",
				);
				PRODUCT_BUNDLE_IDENTIFIER = "com.shuruq.TriviaMultipleChoice-Shuruq";
				PRODUCT_NAME = "$(TARGET_NAME)";
				SWIFT_VERSION = 5.0;
				TARGETED_DEVICE_FAMILY = "1,2";
			};
			name = Debug;
		};
		BDAD48ED27213D3100360300 /* Release */ = {
			isa = XCBuildConfiguration;
			buildSettings = {
				ASSETCATALOG_COMPILER_APPICON_NAME = AppIcon;
				ASSETCATALOG_COMPILER_GLOBAL_ACCENT_COLOR_NAME = AccentColor;
				CODE_SIGN_STYLE = Automatic;
				DEVELOPMENT_TEAM = S2N5ABFX6X;
				INFOPLIST_FILE = "TriviaMultipleChoice-Shuruq/Info.plist";
				IPHONEOS_DEPLOYMENT_TARGET = 14.6;
				LD_RUNPATH_SEARCH_PATHS = (
					"$(inherited)",
					"@executable_path/Frameworks",
				);
				PRODUCT_BUNDLE_IDENTIFIER = "com.shuruq.TriviaMultipleChoice-Shuruq";
				PRODUCT_NAME = "$(TARGET_NAME)";
				SWIFT_VERSION = 5.0;
				TARGETED_DEVICE_FAMILY = "1,2";
			};
			name = Release;
		};
/* End XCBuildConfiguration section */

/* Begin XCConfigurationList section */
		BDAD48D227213D3100360300 /* Build configuration list for PBXProject "TriviaMultipleChoice-Shuruq" */ = {
			isa = XCConfigurationList;
			buildConfigurations = (
				BDAD48E927213D3100360300 /* Debug */,
				BDAD48EA27213D3100360300 /* Release */,
			);
			defaultConfigurationIsVisible = 0;
			defaultConfigurationName = Release;
		};
		BDAD48EB27213D3100360300 /* Build configuration list for PBXNativeTarget "TriviaMultipleChoice-Shuruq" */ = {
			isa = XCConfigurationList;
			buildConfigurations = (
				BDAD48EC27213D3100360300 /* Debug */,
				BDAD48ED27213D3100360300 /* Release */,
			);
			defaultConfigurationIsVisible = 0;
			defaultConfigurationName = Release;
		};
/* End XCConfigurationList section */
	};
	rootObject = BDAD48CF27213D3100360300 /* Project object */;
}
